
Microsoft Visual Studio Solution File, Format Version 12.00
# Visual Studio Version 17
VisualStudioVersion = 17.0.31912.275
MinimumVisualStudioVersion = 10.0.40219.1
Project("{FAE04EC0-301F-11D3-BF4B-00C04F79EFBC}") = "Labb15", "Labb15\Labb15.csproj", "{F12A3B34-18C4-4971-A931-710671EE53F9}"
EndProject
Global
	GlobalSection(SolutionConfigurationPlatforms) = preSolution
		Debug|Any CPU = Debug|Any CPU
		Release|Any CPU = Release|Any CPU
	EndGlobalSection
	GlobalSection(ProjectConfigurationPlatforms) = postSolution
		{F12A3B34-18C4-4971-A931-710671EE53F9}.Debug|Any CPU.ActiveCfg = Debug|Any CPU
		{F12A3B34-18C4-4971-A931-710671EE53F9}.Debug|Any CPU.Build.0 = Debug|Any CPU
		{F12A3B34-18C4-4971-A931-710671EE53F9}.Release|Any CPU.ActiveCfg = Release|Any CPU
		{F12A3B34-18C4-4971-A931-710671EE53F9}.Release|Any CPU.Build.0 = Release|Any CPU
	EndGlobalSection
	GlobalSection(SolutionProperties) = preSolution
		HideSolutionNode = FALSE
	EndGlobalSection
	GlobalSection(ExtensibilityGlobals) = postSolution
		SolutionGuid = {D2C2B31B-8A8C-4FC9-B12B-1B389B25538E}
	EndGlobalSection
EndGlobal
